// !$*UTF8*$!
{
	archiveVersion = 1;
	classes = {
	};
	objectVersion = 77;
	objects = {

/* Begin PBXBuildFile section */
		950468932CD2E4B3004F5A57 /* FirebaseAnalytics in Frameworks */ = {isa = PBXBuildFile; productRef = 950468922CD2E4B3004F5A57 /* FirebaseAnalytics */; };
		950468952CD2E4B3004F5A57 /* FirebaseAnalyticsOnDeviceConversion in Frameworks */ = {isa = PBXBuildFile; productRef = 950468942CD2E4B3004F5A57 /* FirebaseAnalyticsOnDeviceConversion */; };
		950468972CD2E4B3004F5A57 /* FirebaseAnalyticsWithoutAdIdSupport in Frameworks */ = {isa = PBXBuildFile; productRef = 950468962CD2E4B3004F5A57 /* FirebaseAnalyticsWithoutAdIdSupport */; };
		950468992CD2E4B3004F5A57 /* FirebaseAppCheck in Frameworks */ = {isa = PBXBuildFile; productRef = 950468982CD2E4B3004F5A57 /* FirebaseAppCheck */; };
		9504689B2CD2E4B3004F5A57 /* FirebaseAppDistribution-Beta in Frameworks */ = {isa = PBXBuildFile; productRef = 9504689A2CD2E4B3004F5A57 /* FirebaseAppDistribution-Beta */; };
		950468E22CD3006D004F5A57 /* FirebaseAuth in Frameworks */ = {isa = PBXBuildFile; productRef = 950468E12CD3006D004F5A57 /* FirebaseAuth */; };
		95D44BDC2CE17BF700BB2B57 /* FirebaseAuthService.swift in Sources */ = {isa = PBXBuildFile; fileRef = 95D44BCF2CE17BF700BB2B57 /* FirebaseAuthService.swift */; };
		95D44BDD2CE17BF700BB2B57 /* AuthViewModel.swift in Sources */ = {isa = PBXBuildFile; fileRef = 95D44BD12CE17BF700BB2B57 /* AuthViewModel.swift */; };
		95D44BE22CE17BF700BB2B57 /* Untitled.swift in Sources */ = {isa = PBXBuildFile; fileRef = 95D44BDA2CE17BF700BB2B57 /* Untitled.swift */; };
		95D44BE32CE17BF700BB2B57 /* YourPetApp.swift in Sources */ = {isa = PBXBuildFile; fileRef = 95D44BDB2CE17BF700BB2B57 /* YourPetApp.swift */; };
		95D44BE42CE17BF700BB2B57 /* Preview Assets.xcassets in Resources */ = {isa = PBXBuildFile; fileRef = 95D44BCD2CE17BF700BB2B57 /* Preview Assets.xcassets */; };
		95D44BE52CE17BF700BB2B57 /* Assets.xcassets in Resources */ = {isa = PBXBuildFile; fileRef = 95D44BD82CE17BF700BB2B57 /* Assets.xcassets */; };
		95D44BE62CE17BF700BB2B57 /* GoogleService-Info.plist in Resources */ = {isa = PBXBuildFile; fileRef = 95D44BD92CE17BF700BB2B57 /* GoogleService-Info.plist */; };
		95D44BF62CE18C6600BB2B57 /* NavigationModifier.swift in Sources */ = {isa = PBXBuildFile; fileRef = 95D44BF52CE18C6600BB2B57 /* NavigationModifier.swift */; };
		95D44C092CE18ED600BB2B57 /* AuthManager.swift in Sources */ = {isa = PBXBuildFile; fileRef = 95D44C082CE18ED600BB2B57 /* AuthManager.swift */; };
		95D44C0C2CE18F2C00BB2B57 /* AuthViewModel.swift in Sources */ = {isa = PBXBuildFile; fileRef = 95D44C0B2CE18F2C00BB2B57 /* AuthViewModel.swift */; };
		95D44C102CE18F8E00BB2B57 /* AuthView.swift in Sources */ = {isa = PBXBuildFile; fileRef = 95D44C0F2CE18F8E00BB2B57 /* AuthView.swift */; };
		95D44C172CE41CF700BB2B57 /* MainTapBarViewModel.swift in Sources */ = {isa = PBXBuildFile; fileRef = 95D44C162CE41CF600BB2B57 /* MainTapBarViewModel.swift */; };
		95D44C192CE41D2100BB2B57 /* MainTapBarView.swift in Sources */ = {isa = PBXBuildFile; fileRef = 95D44C182CE41D2100BB2B57 /* MainTapBarView.swift */; };
		95D44C1D2CE4239F00BB2B57 /* DesktopDetailsViewModel.swift in Sources */ = {isa = PBXBuildFile; fileRef = 95D44C1C2CE4239F00BB2B57 /* DesktopDetailsViewModel.swift */; };
		95D44C1F2CE423B100BB2B57 /* DesktopDetailsView.swift in Sources */ = {isa = PBXBuildFile; fileRef = 95D44C1E2CE423B100BB2B57 /* DesktopDetailsView.swift */; };
		95D44C212CE423DB00BB2B57 /* DesktopViewModel.swift in Sources */ = {isa = PBXBuildFile; fileRef = 95D44C202CE423DB00BB2B57 /* DesktopViewModel.swift */; };
		95D44C232CE423F200BB2B57 /* DesktopView.swift in Sources */ = {isa = PBXBuildFile; fileRef = 95D44C222CE423F200BB2B57 /* DesktopView.swift */; };
		95D44C282CE435F600BB2B57 /* QrCodeDetailsViewModel.swift in Sources */ = {isa = PBXBuildFile; fileRef = 95D44C272CE435F600BB2B57 /* QrCodeDetailsViewModel.swift */; };
		95D44C2A2CE4364400BB2B57 /* QrCodeDetailsView.swift in Sources */ = {isa = PBXBuildFile; fileRef = 95D44C292CE4364400BB2B57 /* QrCodeDetailsView.swift */; };
		95D44C2C2CE436AD00BB2B57 /* QrViewModel.swift in Sources */ = {isa = PBXBuildFile; fileRef = 95D44C2B2CE436AD00BB2B57 /* QrViewModel.swift */; };
		95D44C2E2CE436D100BB2B57 /* QrCodeView.swift in Sources */ = {isa = PBXBuildFile; fileRef = 95D44C2D2CE436D100BB2B57 /* QrCodeView.swift */; };
		95D44C352CE4395500BB2B57 /* HomeDetailsView.swift in Sources */ = {isa = PBXBuildFile; fileRef = 95D44C312CE4395500BB2B57 /* HomeDetailsView.swift */; };
		95D44C362CE4395500BB2B57 /* HomeView.swift in Sources */ = {isa = PBXBuildFile; fileRef = 95D44C2F2CE4395500BB2B57 /* HomeView.swift */; };
		95D44C372CE4395500BB2B57 /* HomeDetailsViewModel.swift in Sources */ = {isa = PBXBuildFile; fileRef = 95D44C322CE4395500BB2B57 /* HomeDetailsViewModel.swift */; };
		95D44C382CE4395500BB2B57 /* HomeViewModel.swift in Sources */ = {isa = PBXBuildFile; fileRef = 95D44C302CE4395500BB2B57 /* HomeViewModel.swift */; };
		95D44C3F2CE4FD6D00BB2B57 /* MapView.swift in Sources */ = {isa = PBXBuildFile; fileRef = 95D44C392CE4FD6D00BB2B57 /* MapView.swift */; };
		95D44C402CE4FD6D00BB2B57 /* MapDetailsViewModel.swift in Sources */ = {isa = PBXBuildFile; fileRef = 95D44C3C2CE4FD6D00BB2B57 /* MapDetailsViewModel.swift */; };
		95D44C412CE4FD6D00BB2B57 /* MapViewModel.swift in Sources */ = {isa = PBXBuildFile; fileRef = 95D44C3A2CE4FD6D00BB2B57 /* MapViewModel.swift */; };
		95D44C422CE4FD6D00BB2B57 /* MapDetailsView.swift in Sources */ = {isa = PBXBuildFile; fileRef = 95D44C3B2CE4FD6D00BB2B57 /* MapDetailsView.swift */; };
		95D44C452CE5016400BB2B57 /* RegisterViewModel.swift in Sources */ = {isa = PBXBuildFile; fileRef = 95D44C442CE5016400BB2B57 /* RegisterViewModel.swift */; };
		95D44C472CE5017A00BB2B57 /* RegisterView.swift in Sources */ = {isa = PBXBuildFile; fileRef = 95D44C462CE5017A00BB2B57 /* RegisterView.swift */; };
		95D44C4B2CE501C900BB2B57 /* LoginViewModel.swift in Sources */ = {isa = PBXBuildFile; fileRef = 95D44C4A2CE501C900BB2B57 /* LoginViewModel.swift */; };
		95D44C4D2CE501DE00BB2B57 /* LoginView.swift in Sources */ = {isa = PBXBuildFile; fileRef = 95D44C4C2CE501DE00BB2B57 /* LoginView.swift */; };
		95D44C4F2CE502C200BB2B57 /* ContentView.swift in Sources */ = {isa = PBXBuildFile; fileRef = 95D44C4E2CE502C200BB2B57 /* ContentView.swift */; };
/* End PBXBuildFile section */

/* Begin PBXContainerItemProxy section */
		956129082CD1910A0059CA67 /* PBXContainerItemProxy */ = {
			isa = PBXContainerItemProxy;
			containerPortal = 956128EF2CD191080059CA67 /* Project object */;
			proxyType = 1;
			remoteGlobalIDString = 956128F62CD191080059CA67;
			remoteInfo = YourPet;
		};
		956129122CD1910A0059CA67 /* PBXContainerItemProxy */ = {
			isa = PBXContainerItemProxy;
			containerPortal = 956128EF2CD191080059CA67 /* Project object */;
			proxyType = 1;
			remoteGlobalIDString = 956128F62CD191080059CA67;
			remoteInfo = YourPet;
		};
/* End PBXContainerItemProxy section */

/* Begin PBXFileReference section */
		956128F72CD191080059CA67 /* YourPet.app */ = {isa = PBXFileReference; explicitFileType = wrapper.application; includeInIndex = 0; path = YourPet.app; sourceTree = BUILT_PRODUCTS_DIR; };
		956129072CD1910A0059CA67 /* YourPetTests.xctest */ = {isa = PBXFileReference; explicitFileType = wrapper.cfbundle; includeInIndex = 0; path = YourPetTests.xctest; sourceTree = BUILT_PRODUCTS_DIR; };
		956129112CD1910A0059CA67 /* YourPetUITests.xctest */ = {isa = PBXFileReference; explicitFileType = wrapper.cfbundle; includeInIndex = 0; path = YourPetUITests.xctest; sourceTree = BUILT_PRODUCTS_DIR; };
		95D44BCD2CE17BF700BB2B57 /* Preview Assets.xcassets */ = {isa = PBXFileReference; lastKnownFileType = folder.assetcatalog; path = "Preview Assets.xcassets"; sourceTree = "<group>"; };
		95D44BCF2CE17BF700BB2B57 /* FirebaseAuthService.swift */ = {isa = PBXFileReference; lastKnownFileType = sourcecode.swift; path = FirebaseAuthService.swift; sourceTree = "<group>"; };
		95D44BD12CE17BF700BB2B57 /* AuthViewModel.swift */ = {isa = PBXFileReference; lastKnownFileType = sourcecode.swift; path = AuthViewModel.swift; sourceTree = "<group>"; };
		95D44BD82CE17BF700BB2B57 /* Assets.xcassets */ = {isa = PBXFileReference; lastKnownFileType = folder.assetcatalog; path = Assets.xcassets; sourceTree = "<group>"; };
		95D44BD92CE17BF700BB2B57 /* GoogleService-Info.plist */ = {isa = PBXFileReference; lastKnownFileType = text.plist.xml; path = "GoogleService-Info.plist"; sourceTree = "<group>"; };
		95D44BDA2CE17BF700BB2B57 /* Untitled.swift */ = {isa = PBXFileReference; lastKnownFileType = sourcecode.swift; path = Untitled.swift; sourceTree = "<group>"; };
		95D44BDB2CE17BF700BB2B57 /* YourPetApp.swift */ = {isa = PBXFileReference; lastKnownFileType = sourcecode.swift; path = YourPetApp.swift; sourceTree = "<group>"; };
		95D44BF52CE18C6600BB2B57 /* NavigationModifier.swift */ = {isa = PBXFileReference; lastKnownFileType = sourcecode.swift; path = NavigationModifier.swift; sourceTree = "<group>"; };
		95D44C082CE18ED600BB2B57 /* AuthManager.swift */ = {isa = PBXFileReference; lastKnownFileType = sourcecode.swift; path = AuthManager.swift; sourceTree = "<group>"; };
		95D44C0B2CE18F2C00BB2B57 /* AuthViewModel.swift */ = {isa = PBXFileReference; lastKnownFileType = sourcecode.swift; path = AuthViewModel.swift; sourceTree = "<group>"; };
		95D44C0F2CE18F8E00BB2B57 /* AuthView.swift */ = {isa = PBXFileReference; lastKnownFileType = sourcecode.swift; path = AuthView.swift; sourceTree = "<group>"; };
		95D44C162CE41CF600BB2B57 /* MainTapBarViewModel.swift */ = {isa = PBXFileReference; lastKnownFileType = sourcecode.swift; path = MainTapBarViewModel.swift; sourceTree = "<group>"; };
		95D44C182CE41D2100BB2B57 /* MainTapBarView.swift */ = {isa = PBXFileReference; lastKnownFileType = sourcecode.swift; path = MainTapBarView.swift; sourceTree = "<group>"; };
		95D44C1C2CE4239F00BB2B57 /* DesktopDetailsViewModel.swift */ = {isa = PBXFileReference; lastKnownFileType = sourcecode.swift; path = DesktopDetailsViewModel.swift; sourceTree = "<group>"; };
		95D44C1E2CE423B100BB2B57 /* DesktopDetailsView.swift */ = {isa = PBXFileReference; lastKnownFileType = sourcecode.swift; path = DesktopDetailsView.swift; sourceTree = "<group>"; };
		95D44C202CE423DB00BB2B57 /* DesktopViewModel.swift */ = {isa = PBXFileReference; lastKnownFileType = sourcecode.swift; path = DesktopViewModel.swift; sourceTree = "<group>"; };
		95D44C222CE423F200BB2B57 /* DesktopView.swift */ = {isa = PBXFileReference; lastKnownFileType = sourcecode.swift; path = DesktopView.swift; sourceTree = "<group>"; };
		95D44C272CE435F600BB2B57 /* QrCodeDetailsViewModel.swift */ = {isa = PBXFileReference; lastKnownFileType = sourcecode.swift; path = QrCodeDetailsViewModel.swift; sourceTree = "<group>"; };
		95D44C292CE4364400BB2B57 /* QrCodeDetailsView.swift */ = {isa = PBXFileReference; lastKnownFileType = sourcecode.swift; path = QrCodeDetailsView.swift; sourceTree = "<group>"; };
		95D44C2B2CE436AD00BB2B57 /* QrViewModel.swift */ = {isa = PBXFileReference; lastKnownFileType = sourcecode.swift; path = QrViewModel.swift; sourceTree = "<group>"; };
		95D44C2D2CE436D100BB2B57 /* QrCodeView.swift */ = {isa = PBXFileReference; lastKnownFileType = sourcecode.swift; path = QrCodeView.swift; sourceTree = "<group>"; };
		95D44C2F2CE4395500BB2B57 /* HomeView.swift */ = {isa = PBXFileReference; lastKnownFileType = sourcecode.swift; path = HomeView.swift; sourceTree = "<group>"; };
		95D44C302CE4395500BB2B57 /* HomeViewModel.swift */ = {isa = PBXFileReference; lastKnownFileType = sourcecode.swift; path = HomeViewModel.swift; sourceTree = "<group>"; };
		95D44C312CE4395500BB2B57 /* HomeDetailsView.swift */ = {isa = PBXFileReference; lastKnownFileType = sourcecode.swift; path = HomeDetailsView.swift; sourceTree = "<group>"; };
		95D44C322CE4395500BB2B57 /* HomeDetailsViewModel.swift */ = {isa = PBXFileReference; lastKnownFileType = sourcecode.swift; path = HomeDetailsViewModel.swift; sourceTree = "<group>"; };
		95D44C392CE4FD6D00BB2B57 /* MapView.swift */ = {isa = PBXFileReference; lastKnownFileType = sourcecode.swift; path = MapView.swift; sourceTree = "<group>"; };
		95D44C3A2CE4FD6D00BB2B57 /* MapViewModel.swift */ = {isa = PBXFileReference; lastKnownFileType = sourcecode.swift; path = MapViewModel.swift; sourceTree = "<group>"; };
		95D44C3B2CE4FD6D00BB2B57 /* MapDetailsView.swift */ = {isa = PBXFileReference; lastKnownFileType = sourcecode.swift; path = MapDetailsView.swift; sourceTree = "<group>"; };
		95D44C3C2CE4FD6D00BB2B57 /* MapDetailsViewModel.swift */ = {isa = PBXFileReference; lastKnownFileType = sourcecode.swift; path = MapDetailsViewModel.swift; sourceTree = "<group>"; };
		95D44C442CE5016400BB2B57 /* RegisterViewModel.swift */ = {isa = PBXFileReference; lastKnownFileType = sourcecode.swift; path = RegisterViewModel.swift; sourceTree = "<group>"; };
		95D44C462CE5017A00BB2B57 /* RegisterView.swift */ = {isa = PBXFileReference; lastKnownFileType = sourcecode.swift; path = RegisterView.swift; sourceTree = "<group>"; };
		95D44C4A2CE501C900BB2B57 /* LoginViewModel.swift */ = {isa = PBXFileReference; lastKnownFileType = sourcecode.swift; path = LoginViewModel.swift; sourceTree = "<group>"; };
		95D44C4C2CE501DE00BB2B57 /* LoginView.swift */ = {isa = PBXFileReference; lastKnownFileType = sourcecode.swift; path = LoginView.swift; sourceTree = "<group>"; };
		95D44C4E2CE502C200BB2B57 /* ContentView.swift */ = {isa = PBXFileReference; lastKnownFileType = sourcecode.swift; path = ContentView.swift; sourceTree = "<group>"; };
/* End PBXFileReference section */

/* Begin PBXFileSystemSynchronizedRootGroup section */
		9561290A2CD1910A0059CA67 /* YourPetTests */ = {
			isa = PBXFileSystemSynchronizedRootGroup;
			path = YourPetTests;
			sourceTree = "<group>";
		};
		956129142CD1910A0059CA67 /* YourPetUITests */ = {
			isa = PBXFileSystemSynchronizedRootGroup;
			path = YourPetUITests;
			sourceTree = "<group>";
		};
/* End PBXFileSystemSynchronizedRootGroup section */

/* Begin PBXFrameworksBuildPhase section */
		956128F42CD191080059CA67 /* Frameworks */ = {
			isa = PBXFrameworksBuildPhase;
			buildActionMask = 2147483647;
			files = (
				950468992CD2E4B3004F5A57 /* FirebaseAppCheck in Frameworks */,
				950468E22CD3006D004F5A57 /* FirebaseAuth in Frameworks */,
				950468932CD2E4B3004F5A57 /* FirebaseAnalytics in Frameworks */,
				9504689B2CD2E4B3004F5A57 /* FirebaseAppDistribution-Beta in Frameworks */,
				950468972CD2E4B3004F5A57 /* FirebaseAnalyticsWithoutAdIdSupport in Frameworks */,
				950468952CD2E4B3004F5A57 /* FirebaseAnalyticsOnDeviceConversion in Frameworks */,
			);
			runOnlyForDeploymentPostprocessing = 0;
		};
		956129042CD1910A0059CA67 /* Frameworks */ = {
			isa = PBXFrameworksBuildPhase;
			buildActionMask = 2147483647;
			files = (
			);
			runOnlyForDeploymentPostprocessing = 0;
		};
		9561290E2CD1910A0059CA67 /* Frameworks */ = {
			isa = PBXFrameworksBuildPhase;
			buildActionMask = 2147483647;
			files = (
			);
			runOnlyForDeploymentPostprocessing = 0;
		};
/* End PBXFrameworksBuildPhase section */

/* Begin PBXGroup section */
		950468E02CD3006D004F5A57 /* Frameworks */ = {
			isa = PBXGroup;
			children = (
			);
			name = Frameworks;
			sourceTree = "<group>";
		};
		956128EE2CD191080059CA67 = {
			isa = PBXGroup;
			children = (
				95D44BED2CE17C0A00BB2B57 /* YourPet */,
				9561290A2CD1910A0059CA67 /* YourPetTests */,
				956129142CD1910A0059CA67 /* YourPetUITests */,
				956128F82CD191080059CA67 /* Products */,
			);
			sourceTree = "<group>";
		};
		956128F82CD191080059CA67 /* Products */ = {
			isa = PBXGroup;
			children = (
				956128F72CD191080059CA67 /* YourPet.app */,
				956129072CD1910A0059CA67 /* YourPetTests.xctest */,
				956129112CD1910A0059CA67 /* YourPetUITests.xctest */,
			);
			name = Products;
			sourceTree = "<group>";
		};
		95D44BED2CE17C0A00BB2B57 /* YourPet */ = {
			isa = PBXGroup;
			children = (
				95D44C502CE502D800BB2B57 /* App */,
				95D44C062CE18EA300BB2B57 /* Source */,
				95D44BF32CE18C1F00BB2B57 /* Navigation */,
				950468E02CD3006D004F5A57 /* Frameworks */,
				95D44BDA2CE17BF700BB2B57 /* Untitled.swift */,
				95D44BD92CE17BF700BB2B57 /* GoogleService-Info.plist */,
				95D44BD82CE17BF700BB2B57 /* Assets.xcassets */,
				95D44BF12CE17C6D00BB2B57 /* ViewModels */,
				95D44BEE2CE17C1900BB2B57 /* Preview Content */,
			);
			path = YourPet;
			sourceTree = "<group>";
		};
		95D44BEE2CE17C1900BB2B57 /* Preview Content */ = {
			isa = PBXGroup;
			children = (
				95D44BCD2CE17BF700BB2B57 /* Preview Assets.xcassets */,
			);
			path = "Preview Content";
			sourceTree = "<group>";
		};
		95D44BEF2CE17C3100BB2B57 /* Services */ = {
			isa = PBXGroup;
			children = (
				95D44BCF2CE17BF700BB2B57 /* FirebaseAuthService.swift */,
			);
			path = Services;
			sourceTree = "<group>";
		};
		95D44BF12CE17C6D00BB2B57 /* ViewModels */ = {
			isa = PBXGroup;
			children = (
				95D44BD12CE17BF700BB2B57 /* AuthViewModel.swift */,
			);
			path = ViewModels;
			sourceTree = "<group>";
		};
		95D44BF32CE18C1F00BB2B57 /* Navigation */ = {
			isa = PBXGroup;
			children = (
				95D44BF42CE18C2800BB2B57 /* NavigationModifier */,
			);
			path = Navigation;
			sourceTree = "<group>";
		};
		95D44BF42CE18C2800BB2B57 /* NavigationModifier */ = {
			isa = PBXGroup;
			children = (
				95D44BF52CE18C6600BB2B57 /* NavigationModifier.swift */,
			);
			path = NavigationModifier;
			sourceTree = "<group>";
		};
		95D44C062CE18EA300BB2B57 /* Source */ = {
			isa = PBXGroup;
			children = (
				95D44C152CE41C6100BB2B57 /* MainTapBar */,
				95D44C072CE18EBA00BB2B57 /* Auth */,
				95D44BEF2CE17C3100BB2B57 /* Services */,
			);
			path = Source;
			sourceTree = "<group>";
		};
		95D44C072CE18EBA00BB2B57 /* Auth */ = {
			isa = PBXGroup;
			children = (
				95D44C082CE18ED600BB2B57 /* AuthManager.swift */,
				95D44C0B2CE18F2C00BB2B57 /* AuthViewModel.swift */,
				95D44C0F2CE18F8E00BB2B57 /* AuthView.swift */,
				95D44C4C2CE501DE00BB2B57 /* LoginView.swift */,
				95D44C4A2CE501C900BB2B57 /* LoginViewModel.swift */,
				95D44C462CE5017A00BB2B57 /* RegisterView.swift */,
				95D44C442CE5016400BB2B57 /* RegisterViewModel.swift */,
			);
			path = Auth;
			sourceTree = "<group>";
		};
		95D44C152CE41C6100BB2B57 /* MainTapBar */ = {
			isa = PBXGroup;
			children = (
				95D44C3E2CE4FD6D00BB2B57 /* Map */,
				95D44C242CE42A6900BB2B57 /* QrCode */,
				95D44C1A2CE41DF700BB2B57 /* Desktop */,
				95D44C182CE41D2100BB2B57 /* MainTapBarView.swift */,
				95D44C162CE41CF600BB2B57 /* MainTapBarViewModel.swift */,
			);
			path = MainTapBar;
			sourceTree = "<group>";
		};
		95D44C1A2CE41DF700BB2B57 /* Desktop */ = {
			isa = PBXGroup;
			children = (
				95D44C222CE423F200BB2B57 /* DesktopView.swift */,
				95D44C202CE423DB00BB2B57 /* DesktopViewModel.swift */,
				95D44C1B2CE420A300BB2B57 /* DesktopDetails */,
			);
			path = Desktop;
			sourceTree = "<group>";
		};
		95D44C1B2CE420A300BB2B57 /* DesktopDetails */ = {
			isa = PBXGroup;
			children = (
				95D44C1E2CE423B100BB2B57 /* DesktopDetailsView.swift */,
				95D44C1C2CE4239F00BB2B57 /* DesktopDetailsViewModel.swift */,
				95D44C342CE4395500BB2B57 /* Home */,
			);
			path = DesktopDetails;
			sourceTree = "<group>";
		};
		95D44C242CE42A6900BB2B57 /* QrCode */ = {
			isa = PBXGroup;
			children = (
				95D44C2D2CE436D100BB2B57 /* QrCodeView.swift */,
				95D44C2B2CE436AD00BB2B57 /* QrViewModel.swift */,
				95D44C252CE42A7800BB2B57 /* QrCodeDetails */,
			);
			path = QrCode;
			sourceTree = "<group>";
		};
		95D44C252CE42A7800BB2B57 /* QrCodeDetails */ = {
			isa = PBXGroup;
			children = (
				95D44C292CE4364400BB2B57 /* QrCodeDetailsView.swift */,
				95D44C272CE435F600BB2B57 /* QrCodeDetailsViewModel.swift */,
			);
			path = QrCodeDetails;
			sourceTree = "<group>";
		};
		95D44C332CE4395500BB2B57 /* HomeDetails */ = {
			isa = PBXGroup;
			children = (
				95D44C312CE4395500BB2B57 /* HomeDetailsView.swift */,
				95D44C322CE4395500BB2B57 /* HomeDetailsViewModel.swift */,
			);
			path = HomeDetails;
			sourceTree = "<group>";
		};
		95D44C342CE4395500BB2B57 /* Home */ = {
			isa = PBXGroup;
			children = (
				95D44C2F2CE4395500BB2B57 /* HomeView.swift */,
				95D44C302CE4395500BB2B57 /* HomeViewModel.swift */,
				95D44C332CE4395500BB2B57 /* HomeDetails */,
			);
			path = Home;
			sourceTree = "<group>";
		};
		95D44C3E2CE4FD6D00BB2B57 /* Map */ = {
			isa = PBXGroup;
			children = (
				95D44C392CE4FD6D00BB2B57 /* MapView.swift */,
				95D44C3A2CE4FD6D00BB2B57 /* MapViewModel.swift */,
				95D44C432CE5000500BB2B57 /* MapDetails */,
			);
			path = Map;
			sourceTree = "<group>";
		};
		95D44C432CE5000500BB2B57 /* MapDetails */ = {
			isa = PBXGroup;
			children = (
				95D44C3B2CE4FD6D00BB2B57 /* MapDetailsView.swift */,
				95D44C3C2CE4FD6D00BB2B57 /* MapDetailsViewModel.swift */,
			);
			path = MapDetails;
			sourceTree = "<group>";
		};
		95D44C502CE502D800BB2B57 /* App */ = {
			isa = PBXGroup;
			children = (
				95D44BDB2CE17BF700BB2B57 /* YourPetApp.swift */,
				95D44C4E2CE502C200BB2B57 /* ContentView.swift */,
			);
			path = App;
			sourceTree = "<group>";
		};
/* End PBXGroup section */

/* Begin PBXNativeTarget section */
		956128F62CD191080059CA67 /* YourPet */ = {
			isa = PBXNativeTarget;
			buildConfigurationList = 9561291B2CD1910A0059CA67 /* Build configuration list for PBXNativeTarget "YourPet" */;
			buildPhases = (
				956128F32CD191080059CA67 /* Sources */,
				956128F42CD191080059CA67 /* Frameworks */,
				956128F52CD191080059CA67 /* Resources */,
			);
			buildRules = (
			);
			dependencies = (
			);
			name = YourPet;
			packageProductDependencies = (
				950468922CD2E4B3004F5A57 /* FirebaseAnalytics */,
				950468942CD2E4B3004F5A57 /* FirebaseAnalyticsOnDeviceConversion */,
				950468962CD2E4B3004F5A57 /* FirebaseAnalyticsWithoutAdIdSupport */,
				950468982CD2E4B3004F5A57 /* FirebaseAppCheck */,
				9504689A2CD2E4B3004F5A57 /* FirebaseAppDistribution-Beta */,
				950468E12CD3006D004F5A57 /* FirebaseAuth */,
			);
			productName = YourPet;
			productReference = 956128F72CD191080059CA67 /* YourPet.app */;
			productType = "com.apple.product-type.application";
		};
		956129062CD1910A0059CA67 /* YourPetTests */ = {
			isa = PBXNativeTarget;
			buildConfigurationList = 9561291E2CD1910A0059CA67 /* Build configuration list for PBXNativeTarget "YourPetTests" */;
			buildPhases = (
				956129032CD1910A0059CA67 /* Sources */,
				956129042CD1910A0059CA67 /* Frameworks */,
				956129052CD1910A0059CA67 /* Resources */,
			);
			buildRules = (
			);
			dependencies = (
				956129092CD1910A0059CA67 /* PBXTargetDependency */,
			);
			fileSystemSynchronizedGroups = (
				9561290A2CD1910A0059CA67 /* YourPetTests */,
			);
			name = YourPetTests;
			packageProductDependencies = (
			);
			productName = YourPetTests;
			productReference = 956129072CD1910A0059CA67 /* YourPetTests.xctest */;
			productType = "com.apple.product-type.bundle.unit-test";
		};
		956129102CD1910A0059CA67 /* YourPetUITests */ = {
			isa = PBXNativeTarget;
			buildConfigurationList = 956129212CD1910A0059CA67 /* Build configuration list for PBXNativeTarget "YourPetUITests" */;
			buildPhases = (
				9561290D2CD1910A0059CA67 /* Sources */,
				9561290E2CD1910A0059CA67 /* Frameworks */,
				9561290F2CD1910A0059CA67 /* Resources */,
			);
			buildRules = (
			);
			dependencies = (
				956129132CD1910A0059CA67 /* PBXTargetDependency */,
			);
			fileSystemSynchronizedGroups = (
				956129142CD1910A0059CA67 /* YourPetUITests */,
			);
			name = YourPetUITests;
			packageProductDependencies = (
			);
			productName = YourPetUITests;
			productReference = 956129112CD1910A0059CA67 /* YourPetUITests.xctest */;
			productType = "com.apple.product-type.bundle.ui-testing";
		};
/* End PBXNativeTarget section */

/* Begin PBXProject section */
		956128EF2CD191080059CA67 /* Project object */ = {
			isa = PBXProject;
			attributes = {
				BuildIndependentTargetsInParallel = 1;
				LastSwiftUpdateCheck = 1600;
				LastUpgradeCheck = 1600;
				TargetAttributes = {
					956128F62CD191080059CA67 = {
						CreatedOnToolsVersion = 16.0;
					};
					956129062CD1910A0059CA67 = {
						CreatedOnToolsVersion = 16.0;
						TestTargetID = 956128F62CD191080059CA67;
					};
					956129102CD1910A0059CA67 = {
						CreatedOnToolsVersion = 16.0;
						TestTargetID = 956128F62CD191080059CA67;
					};
				};
			};
			buildConfigurationList = 956128F22CD191080059CA67 /* Build configuration list for PBXProject "YourPet" */;
			developmentRegion = en;
			hasScannedForEncodings = 0;
			knownRegions = (
				en,
				Base,
			);
			mainGroup = 956128EE2CD191080059CA67;
			minimizedProjectReferenceProxies = 1;
			packageReferences = (
				950468912CD2E4B3004F5A57 /* XCRemoteSwiftPackageReference "firebase-ios-sdk" */,
			);
			preferredProjectObjectVersion = 77;
			productRefGroup = 956128F82CD191080059CA67 /* Products */;
			projectDirPath = "";
			projectRoot = "";
			targets = (
				956128F62CD191080059CA67 /* YourPet */,
				956129062CD1910A0059CA67 /* YourPetTests */,
				956129102CD1910A0059CA67 /* YourPetUITests */,
			);
		};
/* End PBXProject section */

/* Begin PBXResourcesBuildPhase section */
		956128F52CD191080059CA67 /* Resources */ = {
			isa = PBXResourcesBuildPhase;
			buildActionMask = 2147483647;
			files = (
				95D44BE42CE17BF700BB2B57 /* Preview Assets.xcassets in Resources */,
				95D44BE52CE17BF700BB2B57 /* Assets.xcassets in Resources */,
				95D44BE62CE17BF700BB2B57 /* GoogleService-Info.plist in Resources */,
			);
			runOnlyForDeploymentPostprocessing = 0;
		};
		956129052CD1910A0059CA67 /* Resources */ = {
			isa = PBXResourcesBuildPhase;
			buildActionMask = 2147483647;
			files = (
			);
			runOnlyForDeploymentPostprocessing = 0;
		};
		9561290F2CD1910A0059CA67 /* Resources */ = {
			isa = PBXResourcesBuildPhase;
			buildActionMask = 2147483647;
			files = (
			);
			runOnlyForDeploymentPostprocessing = 0;
		};
/* End PBXResourcesBuildPhase section */

/* Begin PBXSourcesBuildPhase section */
		956128F32CD191080059CA67 /* Sources */ = {
			isa = PBXSourcesBuildPhase;
			buildActionMask = 2147483647;
			files = (
				95D44C212CE423DB00BB2B57 /* DesktopViewModel.swift in Sources */,
				95D44C102CE18F8E00BB2B57 /* AuthView.swift in Sources */,
				95D44C282CE435F600BB2B57 /* QrCodeDetailsViewModel.swift in Sources */,
				95D44C192CE41D2100BB2B57 /* MainTapBarView.swift in Sources */,
				95D44C2A2CE4364400BB2B57 /* QrCodeDetailsView.swift in Sources */,
				95D44BDC2CE17BF700BB2B57 /* FirebaseAuthService.swift in Sources */,
				95D44C092CE18ED600BB2B57 /* AuthManager.swift in Sources */,
				95D44C232CE423F200BB2B57 /* DesktopView.swift in Sources */,
				95D44BDD2CE17BF700BB2B57 /* AuthViewModel.swift in Sources */,
				95D44BE22CE17BF700BB2B57 /* Untitled.swift in Sources */,
				95D44C2C2CE436AD00BB2B57 /* QrViewModel.swift in Sources */,
				95D44C4F2CE502C200BB2B57 /* ContentView.swift in Sources */,
				95D44BF62CE18C6600BB2B57 /* NavigationModifier.swift in Sources */,
				95D44C3F2CE4FD6D00BB2B57 /* MapView.swift in Sources */,
				95D44C402CE4FD6D00BB2B57 /* MapDetailsViewModel.swift in Sources */,
				95D44C412CE4FD6D00BB2B57 /* MapViewModel.swift in Sources */,
				95D44C422CE4FD6D00BB2B57 /* MapDetailsView.swift in Sources */,
				95D44C452CE5016400BB2B57 /* RegisterViewModel.swift in Sources */,
				95D44C472CE5017A00BB2B57 /* RegisterView.swift in Sources */,
				95D44C4D2CE501DE00BB2B57 /* LoginView.swift in Sources */,
				95D44C1D2CE4239F00BB2B57 /* DesktopDetailsViewModel.swift in Sources */,
				95D44C172CE41CF700BB2B57 /* MainTapBarViewModel.swift in Sources */,
				95D44C2E2CE436D100BB2B57 /* QrCodeView.swift in Sources */,
				95D44C4B2CE501C900BB2B57 /* LoginViewModel.swift in Sources */,
				95D44C0C2CE18F2C00BB2B57 /* AuthViewModel.swift in Sources */,
				95D44C1F2CE423B100BB2B57 /* DesktopDetailsView.swift in Sources */,
				95D44BE32CE17BF700BB2B57 /* YourPetApp.swift in Sources */,
				95D44C352CE4395500BB2B57 /* HomeDetailsView.swift in Sources */,
				95D44C362CE4395500BB2B57 /* HomeView.swift in Sources */,
				95D44C372CE4395500BB2B57 /* HomeDetailsViewModel.swift in Sources */,
				95D44C382CE4395500BB2B57 /* HomeViewModel.swift in Sources */,
			);
			runOnlyForDeploymentPostprocessing = 0;
		};
		956129032CD1910A0059CA67 /* Sources */ = {
			isa = PBXSourcesBuildPhase;
			buildActionMask = 2147483647;
			files = (
			);
			runOnlyForDeploymentPostprocessing = 0;
		};
		9561290D2CD1910A0059CA67 /* Sources */ = {
			isa = PBXSourcesBuildPhase;
			buildActionMask = 2147483647;
			files = (
			);
			runOnlyForDeploymentPostprocessing = 0;
		};
/* End PBXSourcesBuildPhase section */

/* Begin PBXTargetDependency section */
		956129092CD1910A0059CA67 /* PBXTargetDependency */ = {
			isa = PBXTargetDependency;
			target = 956128F62CD191080059CA67 /* YourPet */;
			targetProxy = 956129082CD1910A0059CA67 /* PBXContainerItemProxy */;
		};
		956129132CD1910A0059CA67 /* PBXTargetDependency */ = {
			isa = PBXTargetDependency;
			target = 956128F62CD191080059CA67 /* YourPet */;
			targetProxy = 956129122CD1910A0059CA67 /* PBXContainerItemProxy */;
		};
/* End PBXTargetDependency section */

/* Begin XCBuildConfiguration section */
		956129192CD1910A0059CA67 /* Debug */ = {
			isa = XCBuildConfiguration;
			buildSettings = {
				ALWAYS_SEARCH_USER_PATHS = NO;
				ASSETCATALOG_COMPILER_GENERATE_SWIFT_ASSET_SYMBOL_EXTENSIONS = YES;
				CLANG_ANALYZER_NONNULL = YES;
				CLANG_ANALYZER_NUMBER_OBJECT_CONVERSION = YES_AGGRESSIVE;
				CLANG_CXX_LANGUAGE_STANDARD = "gnu++20";
				CLANG_ENABLE_MODULES = YES;
				CLANG_ENABLE_OBJC_ARC = YES;
				CLANG_ENABLE_OBJC_WEAK = YES;
				CLANG_WARN_BLOCK_CAPTURE_AUTORELEASING = YES;
				CLANG_WARN_BOOL_CONVERSION = YES;
				CLANG_WARN_COMMA = YES;
				CLANG_WARN_CONSTANT_CONVERSION = YES;
				CLANG_WARN_DEPRECATED_OBJC_IMPLEMENTATIONS = YES;
				CLANG_WARN_DIRECT_OBJC_ISA_USAGE = YES_ERROR;
				CLANG_WARN_DOCUMENTATION_COMMENTS = YES;
				CLANG_WARN_EMPTY_BODY = YES;
				CLANG_WARN_ENUM_CONVERSION = YES;
				CLANG_WARN_INFINITE_RECURSION = YES;
				CLANG_WARN_INT_CONVERSION = YES;
				CLANG_WARN_NON_LITERAL_NULL_CONVERSION = YES;
				CLANG_WARN_OBJC_IMPLICIT_RETAIN_SELF = YES;
				CLANG_WARN_OBJC_LITERAL_CONVERSION = YES;
				CLANG_WARN_OBJC_ROOT_CLASS = YES_ERROR;
				CLANG_WARN_QUOTED_INCLUDE_IN_FRAMEWORK_HEADER = YES;
				CLANG_WARN_RANGE_LOOP_ANALYSIS = YES;
				CLANG_WARN_STRICT_PROTOTYPES = YES;
				CLANG_WARN_SUSPICIOUS_MOVE = YES;
				CLANG_WARN_UNGUARDED_AVAILABILITY = YES_AGGRESSIVE;
				CLANG_WARN_UNREACHABLE_CODE = YES;
				CLANG_WARN__DUPLICATE_METHOD_MATCH = YES;
				COPY_PHASE_STRIP = NO;
				DEBUG_INFORMATION_FORMAT = dwarf;
				ENABLE_STRICT_OBJC_MSGSEND = YES;
				ENABLE_TESTABILITY = YES;
				ENABLE_USER_SCRIPT_SANDBOXING = YES;
				GCC_C_LANGUAGE_STANDARD = gnu17;
				GCC_DYNAMIC_NO_PIC = NO;
				GCC_NO_COMMON_BLOCKS = YES;
				GCC_OPTIMIZATION_LEVEL = 0;
				GCC_PREPROCESSOR_DEFINITIONS = (
					"DEBUG=1",
					"$(inherited)",
				);
				GCC_WARN_64_TO_32_BIT_CONVERSION = YES;
				GCC_WARN_ABOUT_RETURN_TYPE = YES_ERROR;
				GCC_WARN_UNDECLARED_SELECTOR = YES;
				GCC_WARN_UNINITIALIZED_AUTOS = YES_AGGRESSIVE;
				GCC_WARN_UNUSED_FUNCTION = YES;
				GCC_WARN_UNUSED_VARIABLE = YES;
				IPHONEOS_DEPLOYMENT_TARGET = 15.6;
				LOCALIZATION_PREFERS_STRING_CATALOGS = YES;
				MTL_ENABLE_DEBUG_INFO = INCLUDE_SOURCE;
				MTL_FAST_MATH = YES;
				ONLY_ACTIVE_ARCH = YES;
				SDKROOT = iphoneos;
				SWIFT_ACTIVE_COMPILATION_CONDITIONS = "DEBUG $(inherited)";
				SWIFT_OPTIMIZATION_LEVEL = "-Onone";
			};
			name = Debug;
		};
		9561291A2CD1910A0059CA67 /* Release */ = {
			isa = XCBuildConfiguration;
			buildSettings = {
				ALWAYS_SEARCH_USER_PATHS = NO;
				ASSETCATALOG_COMPILER_GENERATE_SWIFT_ASSET_SYMBOL_EXTENSIONS = YES;
				CLANG_ANALYZER_NONNULL = YES;
				CLANG_ANALYZER_NUMBER_OBJECT_CONVERSION = YES_AGGRESSIVE;
				CLANG_CXX_LANGUAGE_STANDARD = "gnu++20";
				CLANG_ENABLE_MODULES = YES;
				CLANG_ENABLE_OBJC_ARC = YES;
				CLANG_ENABLE_OBJC_WEAK = YES;
				CLANG_WARN_BLOCK_CAPTURE_AUTORELEASING = YES;
				CLANG_WARN_BOOL_CONVERSION = YES;
				CLANG_WARN_COMMA = YES;
				CLANG_WARN_CONSTANT_CONVERSION = YES;
				CLANG_WARN_DEPRECATED_OBJC_IMPLEMENTATIONS = YES;
				CLANG_WARN_DIRECT_OBJC_ISA_USAGE = YES_ERROR;
				CLANG_WARN_DOCUMENTATION_COMMENTS = YES;
				CLANG_WARN_EMPTY_BODY = YES;
				CLANG_WARN_ENUM_CONVERSION = YES;
				CLANG_WARN_INFINITE_RECURSION = YES;
				CLANG_WARN_INT_CONVERSION = YES;
				CLANG_WARN_NON_LITERAL_NULL_CONVERSION = YES;
				CLANG_WARN_OBJC_IMPLICIT_RETAIN_SELF = YES;
				CLANG_WARN_OBJC_LITERAL_CONVERSION = YES;
				CLANG_WARN_OBJC_ROOT_CLASS = YES_ERROR;
				CLANG_WARN_QUOTED_INCLUDE_IN_FRAMEWORK_HEADER = YES;
				CLANG_WARN_RANGE_LOOP_ANALYSIS = YES;
				CLANG_WARN_STRICT_PROTOTYPES = YES;
				CLANG_WARN_SUSPICIOUS_MOVE = YES;
				CLANG_WARN_UNGUARDED_AVAILABILITY = YES_AGGRESSIVE;
				CLANG_WARN_UNREACHABLE_CODE = YES;
				CLANG_WARN__DUPLICATE_METHOD_MATCH = YES;
				COPY_PHASE_STRIP = NO;
				DEBUG_INFORMATION_FORMAT = "dwarf-with-dsym";
				ENABLE_NS_ASSERTIONS = NO;
				ENABLE_STRICT_OBJC_MSGSEND = YES;
				ENABLE_USER_SCRIPT_SANDBOXING = YES;
				GCC_C_LANGUAGE_STANDARD = gnu17;
				GCC_NO_COMMON_BLOCKS = YES;
				GCC_WARN_64_TO_32_BIT_CONVERSION = YES;
				GCC_WARN_ABOUT_RETURN_TYPE = YES_ERROR;
				GCC_WARN_UNDECLARED_SELECTOR = YES;
				GCC_WARN_UNINITIALIZED_AUTOS = YES_AGGRESSIVE;
				GCC_WARN_UNUSED_FUNCTION = YES;
				GCC_WARN_UNUSED_VARIABLE = YES;
				IPHONEOS_DEPLOYMENT_TARGET = 15.6;
				LOCALIZATION_PREFERS_STRING_CATALOGS = YES;
				MTL_ENABLE_DEBUG_INFO = NO;
				MTL_FAST_MATH = YES;
				SDKROOT = iphoneos;
				SWIFT_COMPILATION_MODE = wholemodule;
				VALIDATE_PRODUCT = YES;
			};
			name = Release;
		};
		9561291C2CD1910A0059CA67 /* Debug */ = {
			isa = XCBuildConfiguration;
			buildSettings = {
				ASSETCATALOG_COMPILER_APPICON_NAME = AppIcon;
				ASSETCATALOG_COMPILER_GLOBAL_ACCENT_COLOR_NAME = AccentColor;
				CODE_SIGN_STYLE = Automatic;
				CURRENT_PROJECT_VERSION = 1;
				DEVELOPMENT_ASSET_PATHS = "\"YourPet/Preview Content\"";
				ENABLE_PREVIEWS = YES;
				GENERATE_INFOPLIST_FILE = YES;
				INFOPLIST_KEY_UIApplicationSceneManifest_Generation = YES;
				INFOPLIST_KEY_UIApplicationSupportsIndirectInputEvents = YES;
				INFOPLIST_KEY_UILaunchScreen_Generation = YES;
				INFOPLIST_KEY_UISupportedInterfaceOrientations_iPad = "UIInterfaceOrientationPortrait UIInterfaceOrientationPortraitUpsideDown UIInterfaceOrientationLandscapeLeft UIInterfaceOrientationLandscapeRight";
				INFOPLIST_KEY_UISupportedInterfaceOrientations_iPhone = "UIInterfaceOrientationPortrait UIInterfaceOrientationLandscapeLeft UIInterfaceOrientationLandscapeRight";
				IPHONEOS_DEPLOYMENT_TARGET = 15.6;
				LD_RUNPATH_SEARCH_PATHS = (
					"$(inherited)",
					"@executable_path/Frameworks",
				);
				MARKETING_VERSION = 1.0;
				PRODUCT_BUNDLE_IDENTIFIER = Marti.YourPet;
				PRODUCT_NAME = "$(TARGET_NAME)";
				SWIFT_EMIT_LOC_STRINGS = YES;
				SWIFT_VERSION = 5.0;
				TARGETED_DEVICE_FAMILY = "1,2";
			};
			name = Debug;
		};
		9561291D2CD1910A0059CA67 /* Release */ = {
			isa = XCBuildConfiguration;
			buildSettings = {
				ASSETCATALOG_COMPILER_APPICON_NAME = AppIcon;
				ASSETCATALOG_COMPILER_GLOBAL_ACCENT_COLOR_NAME = AccentColor;
				CODE_SIGN_STYLE = Automatic;
				CURRENT_PROJECT_VERSION = 1;
				DEVELOPMENT_ASSET_PATHS = "\"YourPet/Preview Content\"";
				ENABLE_PREVIEWS = YES;
				GENERATE_INFOPLIST_FILE = YES;
				INFOPLIST_KEY_UIApplicationSceneManifest_Generation = YES;
				INFOPLIST_KEY_UIApplicationSupportsIndirectInputEvents = YES;
				INFOPLIST_KEY_UILaunchScreen_Generation = YES;
				INFOPLIST_KEY_UISupportedInterfaceOrientations_iPad = "UIInterfaceOrientationPortrait UIInterfaceOrientationPortraitUpsideDown UIInterfaceOrientationLandscapeLeft UIInterfaceOrientationLandscapeRight";
				INFOPLIST_KEY_UISupportedInterfaceOrientations_iPhone = "UIInterfaceOrientationPortrait UIInterfaceOrientationLandscapeLeft UIInterfaceOrientationLandscapeRight";
				IPHONEOS_DEPLOYMENT_TARGET = 15.6;
				LD_RUNPATH_SEARCH_PATHS = (
					"$(inherited)",
					"@executable_path/Frameworks",
				);
				MARKETING_VERSION = 1.0;
				PRODUCT_BUNDLE_IDENTIFIER = Marti.YourPet;
				PRODUCT_NAME = "$(TARGET_NAME)";
				SWIFT_EMIT_LOC_STRINGS = YES;
				SWIFT_VERSION = 5.0;
				TARGETED_DEVICE_FAMILY = "1,2";
			};
			name = Release;
		};
		9561291F2CD1910A0059CA67 /* Debug */ = {
			isa = XCBuildConfiguration;
			buildSettings = {
				BUNDLE_LOADER = "$(TEST_HOST)";
				CODE_SIGN_STYLE = Automatic;
				CURRENT_PROJECT_VERSION = 1;
				GENERATE_INFOPLIST_FILE = YES;
				IPHONEOS_DEPLOYMENT_TARGET = 18.0;
				MARKETING_VERSION = 1.0;
				PRODUCT_BUNDLE_IDENTIFIER = Marti.YourPetTests;
				PRODUCT_NAME = "$(TARGET_NAME)";
				SWIFT_EMIT_LOC_STRINGS = NO;
				SWIFT_VERSION = 5.0;
				TARGETED_DEVICE_FAMILY = "1,2";
				TEST_HOST = "$(BUILT_PRODUCTS_DIR)/YourPet.app/$(BUNDLE_EXECUTABLE_FOLDER_PATH)/YourPet";
			};
			name = Debug;
		};
		956129202CD1910A0059CA67 /* Release */ = {
			isa = XCBuildConfiguration;
			buildSettings = {
				BUNDLE_LOADER = "$(TEST_HOST)";
				CODE_SIGN_STYLE = Automatic;
				CURRENT_PROJECT_VERSION = 1;
				GENERATE_INFOPLIST_FILE = YES;
				IPHONEOS_DEPLOYMENT_TARGET = 18.0;
				MARKETING_VERSION = 1.0;
				PRODUCT_BUNDLE_IDENTIFIER = Marti.YourPetTests;
				PRODUCT_NAME = "$(TARGET_NAME)";
				SWIFT_EMIT_LOC_STRINGS = NO;
				SWIFT_VERSION = 5.0;
				TARGETED_DEVICE_FAMILY = "1,2";
				TEST_HOST = "$(BUILT_PRODUCTS_DIR)/YourPet.app/$(BUNDLE_EXECUTABLE_FOLDER_PATH)/YourPet";
			};
			name = Release;
		};
		956129222CD1910A0059CA67 /* Debug */ = {
			isa = XCBuildConfiguration;
			buildSettings = {
				CODE_SIGN_STYLE = Automatic;
				CURRENT_PROJECT_VERSION = 1;
				GENERATE_INFOPLIST_FILE = YES;
				MARKETING_VERSION = 1.0;
				PRODUCT_BUNDLE_IDENTIFIER = Marti.YourPetUITests;
				PRODUCT_NAME = "$(TARGET_NAME)";
				SWIFT_EMIT_LOC_STRINGS = NO;
				SWIFT_VERSION = 5.0;
				TARGETED_DEVICE_FAMILY = "1,2";
				TEST_TARGET_NAME = YourPet;
			};
			name = Debug;
		};
		956129232CD1910A0059CA67 /* Release */ = {
			isa = XCBuildConfiguration;
			buildSettings = {
				CODE_SIGN_STYLE = Automatic;
				CURRENT_PROJECT_VERSION = 1;
				GENERATE_INFOPLIST_FILE = YES;
				MARKETING_VERSION = 1.0;
				PRODUCT_BUNDLE_IDENTIFIER = Marti.YourPetUITests;
				PRODUCT_NAME = "$(TARGET_NAME)";
				SWIFT_EMIT_LOC_STRINGS = NO;
				SWIFT_VERSION = 5.0;
				TARGETED_DEVICE_FAMILY = "1,2";
				TEST_TARGET_NAME = YourPet;
			};
			name = Release;
		};
/* End XCBuildConfiguration section */

/* Begin XCConfigurationList section */
		956128F22CD191080059CA67 /* Build configuration list for PBXProject "YourPet" */ = {
			isa = XCConfigurationList;
			buildConfigurations = (
				956129192CD1910A0059CA67 /* Debug */,
				9561291A2CD1910A0059CA67 /* Release */,
			);
			defaultConfigurationIsVisible = 0;
			defaultConfigurationName = Release;
		};
		9561291B2CD1910A0059CA67 /* Build configuration list for PBXNativeTarget "YourPet" */ = {
			isa = XCConfigurationList;
			buildConfigurations = (
				9561291C2CD1910A0059CA67 /* Debug */,
				9561291D2CD1910A0059CA67 /* Release */,
			);
			defaultConfigurationIsVisible = 0;
			defaultConfigurationName = Release;
		};
		9561291E2CD1910A0059CA67 /* Build configuration list for PBXNativeTarget "YourPetTests" */ = {
			isa = XCConfigurationList;
			buildConfigurations = (
				9561291F2CD1910A0059CA67 /* Debug */,
				956129202CD1910A0059CA67 /* Release */,
			);
			defaultConfigurationIsVisible = 0;
			defaultConfigurationName = Release;
		};
		956129212CD1910A0059CA67 /* Build configuration list for PBXNativeTarget "YourPetUITests" */ = {
			isa = XCConfigurationList;
			buildConfigurations = (
				956129222CD1910A0059CA67 /* Debug */,
				956129232CD1910A0059CA67 /* Release */,
			);
			defaultConfigurationIsVisible = 0;
			defaultConfigurationName = Release;
		};
/* End XCConfigurationList section */

/* Begin XCRemoteSwiftPackageReference section */
		950468912CD2E4B3004F5A57 /* XCRemoteSwiftPackageReference "firebase-ios-sdk" */ = {
			isa = XCRemoteSwiftPackageReference;
			repositoryURL = "https://github.com/firebase/firebase-ios-sdk";
			requirement = {
				kind = upToNextMajorVersion;
				minimumVersion = 11.4.0;
			};
		};
/* End XCRemoteSwiftPackageReference section */

/* Begin XCSwiftPackageProductDependency section */
		950468922CD2E4B3004F5A57 /* FirebaseAnalytics */ = {
			isa = XCSwiftPackageProductDependency;
			package = 950468912CD2E4B3004F5A57 /* XCRemoteSwiftPackageReference "firebase-ios-sdk" */;
			productName = FirebaseAnalytics;
		};
		950468942CD2E4B3004F5A57 /* FirebaseAnalyticsOnDeviceConversion */ = {
			isa = XCSwiftPackageProductDependency;
			package = 950468912CD2E4B3004F5A57 /* XCRemoteSwiftPackageReference "firebase-ios-sdk" */;
			productName = FirebaseAnalyticsOnDeviceConversion;
		};
		950468962CD2E4B3004F5A57 /* FirebaseAnalyticsWithoutAdIdSupport */ = {
			isa = XCSwiftPackageProductDependency;
			package = 950468912CD2E4B3004F5A57 /* XCRemoteSwiftPackageReference "firebase-ios-sdk" */;
			productName = FirebaseAnalyticsWithoutAdIdSupport;
		};
		950468982CD2E4B3004F5A57 /* FirebaseAppCheck */ = {
			isa = XCSwiftPackageProductDependency;
			package = 950468912CD2E4B3004F5A57 /* XCRemoteSwiftPackageReference "firebase-ios-sdk" */;
			productName = FirebaseAppCheck;
		};
		9504689A2CD2E4B3004F5A57 /* FirebaseAppDistribution-Beta */ = {
			isa = XCSwiftPackageProductDependency;
			package = 950468912CD2E4B3004F5A57 /* XCRemoteSwiftPackageReference "firebase-ios-sdk" */;
			productName = "FirebaseAppDistribution-Beta";
		};
		950468E12CD3006D004F5A57 /* FirebaseAuth */ = {
			isa = XCSwiftPackageProductDependency;
			package = 950468912CD2E4B3004F5A57 /* XCRemoteSwiftPackageReference "firebase-ios-sdk" */;
			productName = FirebaseAuth;
		};
/* End XCSwiftPackageProductDependency section */
	};
	rootObject = 956128EF2CD191080059CA67 /* Project object */;
}
